# This file is automatically @generated by Cargo.
# It is not intended for manual editing.
version = 4

[[package]]
name = "tigerbeetle-core"
version = "0.1.0"

[[package]]
name = "tigerbeetle-lsm"
version = "0.1.0"
dependencies = [
 "tigerbeetle-core",
]

[[package]]
name = "tigerbeetle-server"
version = "0.1.0"
dependencies = [
 "tigerbeetle-core",
]

[[package]]
name = "tigerbeetle-vsr"
version = "0.1.0"
dependencies = [
 "tigerbeetle-core",
 "tigerbeetle-lsm",
]
